{
  "version": 4,
  "terraform_version": "0.12.28",
  "serial": 7,
  "lineage": "ca3e2ff3-0538-aa4c-74cf-fa7d6aa98f57",
  "outputs": {
    "loadbalancer-ipv4_addresses": {
      "value": [
        [
          "167.172.50.31"
        ]
      ],
      "type": [
        "tuple",
        [
          [
            "tuple",
            [
              "string"
            ]
          ]
        ]
      ]
    },
    "master-ipv4_addresses": {
      "value": [
        [
          "104.248.173.206",
          "64.227.36.113",
          "167.172.53.38"
        ]
      ],
      "type": [
        "tuple",
        [
          [
            "tuple",
            [
              "string",
              "string",
              "string"
            ]
          ]
        ]
      ]
    },
    "worker-ipv4_addresses": {
      "value": [
        []
      ],
      "type": [
        "tuple",
        [
          [
            "tuple",
            []
          ]
        ]
      ]
    }
  },
  "resources": [
    {
      "mode": "managed",
      "type": "digitalocean_droplet",
      "name": "loadbalancer",
      "each": "list",
      "provider": "provider.digitalocean",
      "instances": [
        {
          "index_key": 0,
          "schema_version": 1,
          "attributes": {
            "backups": false,
            "created_at": "2020-07-23T01:56:27Z",
            "disk": 25,
            "id": "201089217",
            "image": "ubuntu-16-04-x64",
            "ipv4_address": "167.172.50.31",
            "ipv4_address_private": "",
            "ipv6": false,
            "ipv6_address": "",
            "ipv6_address_private": null,
            "locked": false,
            "memory": 1024,
            "monitoring": false,
            "name": "loadbalancer-0",
            "price_hourly": 0.00744,
            "price_monthly": 5,
            "private_networking": false,
            "region": "lon1",
            "resize_disk": true,
            "size": "s-1vcpu-1gb",
            "ssh_keys": [
              "74:a4:4e:b3:11:a4:ee:bb:f3:e1:58:aa:34:70:8e:a2"
            ],
            "status": "active",
            "tags": null,
            "urn": "do:droplet:201089217",
            "user_data": null,
            "vcpus": 1,
            "volume_ids": [],
            "vpc_uuid": ""
          },
          "private": "eyJzY2hlbWFfdmVyc2lvbiI6IjEifQ==",
          "dependencies": [
            "digitalocean_ssh_key.default"
          ]
        }
      ]
    },
    {
      "mode": "managed",
      "type": "digitalocean_droplet",
      "name": "master",
      "each": "list",
      "provider": "provider.digitalocean",
      "instances": [
        {
          "index_key": 0,
          "schema_version": 1,
          "attributes": {
            "backups": false,
            "created_at": "2020-07-23T01:56:28Z",
            "disk": 60,
            "id": "201089221",
            "image": "ubuntu-16-04-x64",
            "ipv4_address": "104.248.173.206",
            "ipv4_address_private": "",
            "ipv6": false,
            "ipv6_address": "",
            "ipv6_address_private": null,
            "locked": false,
            "memory": 2048,
            "monitoring": false,
            "name": "master-0",
            "price_hourly": 0.02232,
            "price_monthly": 15,
            "private_networking": false,
            "region": "lon1",
            "resize_disk": true,
            "size": "s-2vcpu-2gb",
            "ssh_keys": [
              "74:a4:4e:b3:11:a4:ee:bb:f3:e1:58:aa:34:70:8e:a2"
            ],
            "status": "active",
            "tags": null,
            "urn": "do:droplet:201089221",
            "user_data": null,
            "vcpus": 2,
            "volume_ids": [],
            "vpc_uuid": ""
          },
          "private": "eyJzY2hlbWFfdmVyc2lvbiI6IjEifQ==",
          "dependencies": [
            "digitalocean_ssh_key.default"
          ]
        },
        {
          "index_key": 1,
          "schema_version": 1,
          "attributes": {
            "backups": false,
            "created_at": "2020-07-23T01:56:28Z",
            "disk": 60,
            "id": "201089219",
            "image": "ubuntu-16-04-x64",
            "ipv4_address": "64.227.36.113",
            "ipv4_address_private": "",
            "ipv6": false,
            "ipv6_address": "",
            "ipv6_address_private": null,
            "locked": false,
            "memory": 2048,
            "monitoring": false,
            "name": "master-1",
            "price_hourly": 0.02232,
            "price_monthly": 15,
            "private_networking": false,
            "region": "lon1",
            "resize_disk": true,
            "size": "s-2vcpu-2gb",
            "ssh_keys": [
              "74:a4:4e:b3:11:a4:ee:bb:f3:e1:58:aa:34:70:8e:a2"
            ],
            "status": "active",
            "tags": null,
            "urn": "do:droplet:201089219",
            "user_data": null,
            "vcpus": 2,
            "volume_ids": [],
            "vpc_uuid": ""
          },
          "private": "eyJzY2hlbWFfdmVyc2lvbiI6IjEifQ==",
          "dependencies": [
            "digitalocean_ssh_key.default"
          ]
        },
        {
          "index_key": 2,
          "schema_version": 1,
          "attributes": {
            "backups": false,
            "created_at": "2020-07-23T01:56:27Z",
            "disk": 60,
            "id": "201089218",
            "image": "ubuntu-16-04-x64",
            "ipv4_address": "167.172.53.38",
            "ipv4_address_private": "",
            "ipv6": false,
            "ipv6_address": "",
            "ipv6_address_private": null,
            "locked": false,
            "memory": 2048,
            "monitoring": false,
            "name": "master-2",
            "price_hourly": 0.02232,
            "price_monthly": 15,
            "private_networking": false,
            "region": "lon1",
            "resize_disk": true,
            "size": "s-2vcpu-2gb",
            "ssh_keys": [
              "74:a4:4e:b3:11:a4:ee:bb:f3:e1:58:aa:34:70:8e:a2"
            ],
            "status": "active",
            "tags": null,
            "urn": "do:droplet:201089218",
            "user_data": null,
            "vcpus": 2,
            "volume_ids": [],
            "vpc_uuid": ""
          },
          "private": "eyJzY2hlbWFfdmVyc2lvbiI6IjEifQ==",
          "dependencies": [
            "digitalocean_ssh_key.default"
          ]
        }
      ]
    },
    {
      "mode": "managed",
      "type": "digitalocean_droplet",
      "name": "worker",
      "each": "list",
      "provider": "provider.digitalocean",
      "instances": []
    },
    {
      "mode": "managed",
      "type": "digitalocean_ssh_key",
      "name": "default",
      "provider": "provider.digitalocean",
      "instances": [
        {
          "schema_version": 0,
          "attributes": {
            "fingerprint": "74:a4:4e:b3:11:a4:ee:bb:f3:e1:58:aa:34:70:8e:a2",
            "id": "27990279",
            "name": "hyperion ssh key",
            "public_key": "ssh-rsa AAAAB3NzaC1yc2EAAAADAQABAAABgQCo23XGK5j4DZePiFOSFxPdBpk9bLFpjuB65ALZwAFSyU4tixlqWaUvlO/FS+N68gERganI7BI1RyOKUWpxNIDLI9jIMRrawEv/vJ9JBTUge5kDGNz4IKd2qIUvzcrmLRbuwtDd8GTn+vFlquv0I0kEqVO3ZJCu0xX6aOssl9z6Nwa5q1sKdHt6NDiGQEfUWhgW70Wj/gJHrWECBbf1ViiwEHxw22m2NLa72e3a6NLuf1v+Xlia0EIttov/YyND10CUMnV+59hwoWI5ofu4R8A/6dgpLcS4OZXooxLbZIa3jMjwVzqoo2UxcZdP6t9cXfPlsK71l/u0EaHKfjDDvoy5j7a1Hnwx6jfAvfnBt1gj+0ngb6opwssLZoKnhKEU7U+W/nLdICwTczYdkGI6adECFOMYw8xCRLSwIRDY/0epoieVI6tI9bwqkM6lcUTj6sDSkpuGa9leXBUCoyQusCL902xRizWkCLqRLZBn+2GA5ULLJ5F1pgWC6o1iMpsmlZE= lucastercas@archlinux"
          },
          "private": "bnVsbA=="
        }
      ]
    }
  ]
}
